
Microsoft Visual Studio Solution File, Format Version 12.00
# Visual Studio Version 17
VisualStudioVersion = 17.13.35931.197
MinimumVisualStudioVersion = 10.0.40219.1
Project("{8BC9CEB8-8B4A-11D0-8D11-00A0C91BC942}") = "DesignPattern_1", "DesignPattern_1.vcxproj", "{02021099-7C02-4F3A-A426-F18528033919}"
EndProject
Project("{8BC9CEB8-8B4A-11D0-8D11-00A0C91BC942}") = "Factory", "Factory\Factory.vcxproj", "{B6B655DA-C718-4E53-8D89-A1CBCB4FB63C}"
EndProject
Project("{8BC9CEB8-8B4A-11D0-8D11-00A0C91BC942}") = "Builder", "Builder\Builder.vcxproj", "{04BE7FA0-4119-4ED0-AFE5-64B9DDF9698C}"
EndProject
Project("{8BC9CEB8-8B4A-11D0-8D11-00A0C91BC942}") = "AbstractFactory", "AbstractFactory\AbstractFactory.vcxproj", "{57461D9F-B6DD-4C9A-A489-FF309AE6A4BE}"
EndProject
Project("{8BC9CEB8-8B4A-11D0-8D11-00A0C91BC942}") = "Prototype", "Prototype\Prototype.vcxproj", "{96965A65-3AED-4E19-BECC-149560E5D291}"
EndProject
Project("{8BC9CEB8-8B4A-11D0-8D11-00A0C91BC942}") = "Adapter", "Adapter\Adapter.vcxproj", "{ADFC373A-0E0F-4025-9529-CB278D61AA97}"
EndProject
Project("{8BC9CEB8-8B4A-11D0-8D11-00A0C91BC942}") = "Bridge", "Bridge\Bridge.vcxproj", "{B7C2C662-F37C-42E7-9269-D15E25921F94}"
EndProject
Project("{8BC9CEB8-8B4A-11D0-8D11-00A0C91BC942}") = "Composite", "Composite\Composite.vcxproj", "{B0A99609-F61E-49F8-9AD2-E081FC4772A5}"
EndProject
Project("{8BC9CEB8-8B4A-11D0-8D11-00A0C91BC942}") = "Decorator", "Decorator\Decorator.vcxproj", "{2C335E2D-C323-43F9-9DDE-B7BCDE0215C4}"
EndProject
Project("{8BC9CEB8-8B4A-11D0-8D11-00A0C91BC942}") = "Flyweight", "Flyweight\Flyweight.vcxproj", "{D6395BFB-F500-4EF7-82C1-7538A40DE952}"
EndProject
Project("{8BC9CEB8-8B4A-11D0-8D11-00A0C91BC942}") = "Proxy", "Proxy\Proxy.vcxproj", "{EDA16346-93B1-4535-B2D1-C3408B067A91}"
EndProject
Project("{8BC9CEB8-8B4A-11D0-8D11-00A0C91BC942}") = "ChainOfResponsibility", "ChainOfResponsibility\ChainOfResponsibility.vcxproj", "{437D46D6-0939-49F5-86C6-0D7873402856}"
EndProject
Project("{8BC9CEB8-8B4A-11D0-8D11-00A0C91BC942}") = "Mediator", "Mediator\Mediator.vcxproj", "{F0790CE7-3BEF-4C52-AEA7-6A842C473377}"
EndProject
Project("{8BC9CEB8-8B4A-11D0-8D11-00A0C91BC942}") = "Memonto", "Memonto\Memonto.vcxproj", "{B0D209E8-3974-4931-98E2-6E289E1E0859}"
EndProject
Project("{8BC9CEB8-8B4A-11D0-8D11-00A0C91BC942}") = "Observer", "Observer\Observer.vcxproj", "{11E316A7-FDDE-4DFB-BAC1-13EA6329E20F}"
EndProject
Project("{8BC9CEB8-8B4A-11D0-8D11-00A0C91BC942}") = "State", "State\State.vcxproj", "{D975429A-BFB3-4D82-B5EE-D72F01A65AE5}"
EndProject
Project("{8BC9CEB8-8B4A-11D0-8D11-00A0C91BC942}") = "Strategy", "Strategy\Strategy.vcxproj", "{D4F509E2-1B40-46BA-868D-D91AF011E1DB}"
EndProject
Project("{8BC9CEB8-8B4A-11D0-8D11-00A0C91BC942}") = "TemplateMethod", "TemplateMethod\TemplateMethod.vcxproj", "{8185BA35-29A9-42B5-A615-98F00B028D31}"
EndProject
Project("{8BC9CEB8-8B4A-11D0-8D11-00A0C91BC942}") = "Visitor", "Visitor\Visitor.vcxproj", "{CDC264F2-C7A9-4EF8-A83F-962B7BD2CE51}"
EndProject
Global
	GlobalSection(SolutionConfigurationPlatforms) = preSolution
		Debug|x64 = Debug|x64
		Debug|x86 = Debug|x86
		Release|x64 = Release|x64
		Release|x86 = Release|x86
	EndGlobalSection
	GlobalSection(ProjectConfigurationPlatforms) = postSolution
		{02021099-7C02-4F3A-A426-F18528033919}.Debug|x64.ActiveCfg = Debug|x64
		{02021099-7C02-4F3A-A426-F18528033919}.Debug|x64.Build.0 = Debug|x64
		{02021099-7C02-4F3A-A426-F18528033919}.Debug|x86.ActiveCfg = Debug|Win32
		{02021099-7C02-4F3A-A426-F18528033919}.Debug|x86.Build.0 = Debug|Win32
		{02021099-7C02-4F3A-A426-F18528033919}.Release|x64.ActiveCfg = Release|x64
		{02021099-7C02-4F3A-A426-F18528033919}.Release|x64.Build.0 = Release|x64
		{02021099-7C02-4F3A-A426-F18528033919}.Release|x86.ActiveCfg = Release|Win32
		{02021099-7C02-4F3A-A426-F18528033919}.Release|x86.Build.0 = Release|Win32
		{B6B655DA-C718-4E53-8D89-A1CBCB4FB63C}.Debug|x64.ActiveCfg = Debug|x64
		{B6B655DA-C718-4E53-8D89-A1CBCB4FB63C}.Debug|x64.Build.0 = Debug|x64
		{B6B655DA-C718-4E53-8D89-A1CBCB4FB63C}.Debug|x86.ActiveCfg = Debug|Win32
		{B6B655DA-C718-4E53-8D89-A1CBCB4FB63C}.Debug|x86.Build.0 = Debug|Win32
		{B6B655DA-C718-4E53-8D89-A1CBCB4FB63C}.Release|x64.ActiveCfg = Release|x64
		{B6B655DA-C718-4E53-8D89-A1CBCB4FB63C}.Release|x64.Build.0 = Release|x64
		{B6B655DA-C718-4E53-8D89-A1CBCB4FB63C}.Release|x86.ActiveCfg = Release|Win32
		{B6B655DA-C718-4E53-8D89-A1CBCB4FB63C}.Release|x86.Build.0 = Release|Win32
		{04BE7FA0-4119-4ED0-AFE5-64B9DDF9698C}.Debug|x64.ActiveCfg = Debug|x64
		{04BE7FA0-4119-4ED0-AFE5-64B9DDF9698C}.Debug|x64.Build.0 = Debug|x64
		{04BE7FA0-4119-4ED0-AFE5-64B9DDF9698C}.Debug|x86.ActiveCfg = Debug|Win32
		{04BE7FA0-4119-4ED0-AFE5-64B9DDF9698C}.Debug|x86.Build.0 = Debug|Win32
		{04BE7FA0-4119-4ED0-AFE5-64B9DDF9698C}.Release|x64.ActiveCfg = Release|x64
		{04BE7FA0-4119-4ED0-AFE5-64B9DDF9698C}.Release|x64.Build.0 = Release|x64
		{04BE7FA0-4119-4ED0-AFE5-64B9DDF9698C}.Release|x86.ActiveCfg = Release|Win32
		{04BE7FA0-4119-4ED0-AFE5-64B9DDF9698C}.Release|x86.Build.0 = Release|Win32
		{57461D9F-B6DD-4C9A-A489-FF309AE6A4BE}.Debug|x64.ActiveCfg = Debug|x64
		{57461D9F-B6DD-4C9A-A489-FF309AE6A4BE}.Debug|x64.Build.0 = Debug|x64
		{57461D9F-B6DD-4C9A-A489-FF309AE6A4BE}.Debug|x86.ActiveCfg = Debug|Win32
		{57461D9F-B6DD-4C9A-A489-FF309AE6A4BE}.Debug|x86.Build.0 = Debug|Win32
		{57461D9F-B6DD-4C9A-A489-FF309AE6A4BE}.Release|x64.ActiveCfg = Release|x64
		{57461D9F-B6DD-4C9A-A489-FF309AE6A4BE}.Release|x64.Build.0 = Release|x64
		{57461D9F-B6DD-4C9A-A489-FF309AE6A4BE}.Release|x86.ActiveCfg = Release|Win32
		{57461D9F-B6DD-4C9A-A489-FF309AE6A4BE}.Release|x86.Build.0 = Release|Win32
		{96965A65-3AED-4E19-BECC-149560E5D291}.Debug|x64.ActiveCfg = Debug|x64
		{96965A65-3AED-4E19-BECC-149560E5D291}.Debug|x64.Build.0 = Debug|x64
		{96965A65-3AED-4E19-BECC-149560E5D291}.Debug|x86.ActiveCfg = Debug|Win32
		{96965A65-3AED-4E19-BECC-149560E5D291}.Debug|x86.Build.0 = Debug|Win32
		{96965A65-3AED-4E19-BECC-149560E5D291}.Release|x64.ActiveCfg = Release|x64
		{96965A65-3AED-4E19-BECC-149560E5D291}.Release|x64.Build.0 = Release|x64
		{96965A65-3AED-4E19-BECC-149560E5D291}.Release|x86.ActiveCfg = Release|Win32
		{96965A65-3AED-4E19-BECC-149560E5D291}.Release|x86.Build.0 = Release|Win32
		{ADFC373A-0E0F-4025-9529-CB278D61AA97}.Debug|x64.ActiveCfg = Debug|x64
		{ADFC373A-0E0F-4025-9529-CB278D61AA97}.Debug|x64.Build.0 = Debug|x64
		{ADFC373A-0E0F-4025-9529-CB278D61AA97}.Debug|x86.ActiveCfg = Debug|Win32
		{ADFC373A-0E0F-4025-9529-CB278D61AA97}.Debug|x86.Build.0 = Debug|Win32
		{ADFC373A-0E0F-4025-9529-CB278D61AA97}.Release|x64.ActiveCfg = Release|x64
		{ADFC373A-0E0F-4025-9529-CB278D61AA97}.Release|x64.Build.0 = Release|x64
		{ADFC373A-0E0F-4025-9529-CB278D61AA97}.Release|x86.ActiveCfg = Release|Win32
		{ADFC373A-0E0F-4025-9529-CB278D61AA97}.Release|x86.Build.0 = Release|Win32
		{B7C2C662-F37C-42E7-9269-D15E25921F94}.Debug|x64.ActiveCfg = Debug|x64
		{B7C2C662-F37C-42E7-9269-D15E25921F94}.Debug|x64.Build.0 = Debug|x64
		{B7C2C662-F37C-42E7-9269-D15E25921F94}.Debug|x86.ActiveCfg = Debug|Win32
		{B7C2C662-F37C-42E7-9269-D15E25921F94}.Debug|x86.Build.0 = Debug|Win32
		{B7C2C662-F37C-42E7-9269-D15E25921F94}.Release|x64.ActiveCfg = Release|x64
		{B7C2C662-F37C-42E7-9269-D15E25921F94}.Release|x64.Build.0 = Release|x64
		{B7C2C662-F37C-42E7-9269-D15E25921F94}.Release|x86.ActiveCfg = Release|Win32
		{B7C2C662-F37C-42E7-9269-D15E25921F94}.Release|x86.Build.0 = Release|Win32
		{B0A99609-F61E-49F8-9AD2-E081FC4772A5}.Debug|x64.ActiveCfg = Debug|x64
		{B0A99609-F61E-49F8-9AD2-E081FC4772A5}.Debug|x64.Build.0 = Debug|x64
		{B0A99609-F61E-49F8-9AD2-E081FC4772A5}.Debug|x86.ActiveCfg = Debug|Win32
		{B0A99609-F61E-49F8-9AD2-E081FC4772A5}.Debug|x86.Build.0 = Debug|Win32
		{B0A99609-F61E-49F8-9AD2-E081FC4772A5}.Release|x64.ActiveCfg = Release|x64
		{B0A99609-F61E-49F8-9AD2-E081FC4772A5}.Release|x64.Build.0 = Release|x64
		{B0A99609-F61E-49F8-9AD2-E081FC4772A5}.Release|x86.ActiveCfg = Release|Win32
		{B0A99609-F61E-49F8-9AD2-E081FC4772A5}.Release|x86.Build.0 = Release|Win32
		{2C335E2D-C323-43F9-9DDE-B7BCDE0215C4}.Debug|x64.ActiveCfg = Debug|x64
		{2C335E2D-C323-43F9-9DDE-B7BCDE0215C4}.Debug|x64.Build.0 = Debug|x64
		{2C335E2D-C323-43F9-9DDE-B7BCDE0215C4}.Debug|x86.ActiveCfg = Debug|Win32
		{2C335E2D-C323-43F9-9DDE-B7BCDE0215C4}.Debug|x86.Build.0 = Debug|Win32
		{2C335E2D-C323-43F9-9DDE-B7BCDE0215C4}.Release|x64.ActiveCfg = Release|x64
		{2C335E2D-C323-43F9-9DDE-B7BCDE0215C4}.Release|x64.Build.0 = Release|x64
		{2C335E2D-C323-43F9-9DDE-B7BCDE0215C4}.Release|x86.ActiveCfg = Release|Win32
		{2C335E2D-C323-43F9-9DDE-B7BCDE0215C4}.Release|x86.Build.0 = Release|Win32
		{D6395BFB-F500-4EF7-82C1-7538A40DE952}.Debug|x64.ActiveCfg = Debug|x64
		{D6395BFB-F500-4EF7-82C1-7538A40DE952}.Debug|x64.Build.0 = Debug|x64
		{D6395BFB-F500-4EF7-82C1-7538A40DE952}.Debug|x86.ActiveCfg = Debug|Win32
		{D6395BFB-F500-4EF7-82C1-7538A40DE952}.Debug|x86.Build.0 = Debug|Win32
		{D6395BFB-F500-4EF7-82C1-7538A40DE952}.Release|x64.ActiveCfg = Release|x64
		{D6395BFB-F500-4EF7-82C1-7538A40DE952}.Release|x64.Build.0 = Release|x64
		{D6395BFB-F500-4EF7-82C1-7538A40DE952}.Release|x86.ActiveCfg = Release|Win32
		{D6395BFB-F500-4EF7-82C1-7538A40DE952}.Release|x86.Build.0 = Release|Win32
		{EDA16346-93B1-4535-B2D1-C3408B067A91}.Debug|x64.ActiveCfg = Debug|x64
		{EDA16346-93B1-4535-B2D1-C3408B067A91}.Debug|x64.Build.0 = Debug|x64
		{EDA16346-93B1-4535-B2D1-C3408B067A91}.Debug|x86.ActiveCfg = Debug|Win32
		{EDA16346-93B1-4535-B2D1-C3408B067A91}.Debug|x86.Build.0 = Debug|Win32
		{EDA16346-93B1-4535-B2D1-C3408B067A91}.Release|x64.ActiveCfg = Release|x64
		{EDA16346-93B1-4535-B2D1-C3408B067A91}.Release|x64.Build.0 = Release|x64
		{EDA16346-93B1-4535-B2D1-C3408B067A91}.Release|x86.ActiveCfg = Release|Win32
		{EDA16346-93B1-4535-B2D1-C3408B067A91}.Release|x86.Build.0 = Release|Win32
		{437D46D6-0939-49F5-86C6-0D7873402856}.Debug|x64.ActiveCfg = Debug|x64
		{437D46D6-0939-49F5-86C6-0D7873402856}.Debug|x64.Build.0 = Debug|x64
		{437D46D6-0939-49F5-86C6-0D7873402856}.Debug|x86.ActiveCfg = Debug|Win32
		{437D46D6-0939-49F5-86C6-0D7873402856}.Debug|x86.Build.0 = Debug|Win32
		{437D46D6-0939-49F5-86C6-0D7873402856}.Release|x64.ActiveCfg = Release|x64
		{437D46D6-0939-49F5-86C6-0D7873402856}.Release|x64.Build.0 = Release|x64
		{437D46D6-0939-49F5-86C6-0D7873402856}.Release|x86.ActiveCfg = Release|Win32
		{437D46D6-0939-49F5-86C6-0D7873402856}.Release|x86.Build.0 = Release|Win32
		{F0790CE7-3BEF-4C52-AEA7-6A842C473377}.Debug|x64.ActiveCfg = Debug|x64
		{F0790CE7-3BEF-4C52-AEA7-6A842C473377}.Debug|x64.Build.0 = Debug|x64
		{F0790CE7-3BEF-4C52-AEA7-6A842C473377}.Debug|x86.ActiveCfg = Debug|Win32
		{F0790CE7-3BEF-4C52-AEA7-6A842C473377}.Debug|x86.Build.0 = Debug|Win32
		{F0790CE7-3BEF-4C52-AEA7-6A842C473377}.Release|x64.ActiveCfg = Release|x64
		{F0790CE7-3BEF-4C52-AEA7-6A842C473377}.Release|x64.Build.0 = Release|x64
		{F0790CE7-3BEF-4C52-AEA7-6A842C473377}.Release|x86.ActiveCfg = Release|Win32
		{F0790CE7-3BEF-4C52-AEA7-6A842C473377}.Release|x86.Build.0 = Release|Win32
		{B0D209E8-3974-4931-98E2-6E289E1E0859}.Debug|x64.ActiveCfg = Debug|x64
		{B0D209E8-3974-4931-98E2-6E289E1E0859}.Debug|x64.Build.0 = Debug|x64
		{B0D209E8-3974-4931-98E2-6E289E1E0859}.Debug|x86.ActiveCfg = Debug|Win32
		{B0D209E8-3974-4931-98E2-6E289E1E0859}.Debug|x86.Build.0 = Debug|Win32
		{B0D209E8-3974-4931-98E2-6E289E1E0859}.Release|x64.ActiveCfg = Release|x64
		{B0D209E8-3974-4931-98E2-6E289E1E0859}.Release|x64.Build.0 = Release|x64
		{B0D209E8-3974-4931-98E2-6E289E1E0859}.Release|x86.ActiveCfg = Release|Win32
		{B0D209E8-3974-4931-98E2-6E289E1E0859}.Release|x86.Build.0 = Release|Win32
		{11E316A7-FDDE-4DFB-BAC1-13EA6329E20F}.Debug|x64.ActiveCfg = Debug|x64
		{11E316A7-FDDE-4DFB-BAC1-13EA6329E20F}.Debug|x64.Build.0 = Debug|x64
		{11E316A7-FDDE-4DFB-BAC1-13EA6329E20F}.Debug|x86.ActiveCfg = Debug|Win32
		{11E316A7-FDDE-4DFB-BAC1-13EA6329E20F}.Debug|x86.Build.0 = Debug|Win32
		{11E316A7-FDDE-4DFB-BAC1-13EA6329E20F}.Release|x64.ActiveCfg = Release|x64
		{11E316A7-FDDE-4DFB-BAC1-13EA6329E20F}.Release|x64.Build.0 = Release|x64
		{11E316A7-FDDE-4DFB-BAC1-13EA6329E20F}.Release|x86.ActiveCfg = Release|Win32
		{11E316A7-FDDE-4DFB-BAC1-13EA6329E20F}.Release|x86.Build.0 = Release|Win32
		{D975429A-BFB3-4D82-B5EE-D72F01A65AE5}.Debug|x64.ActiveCfg = Debug|x64
		{D975429A-BFB3-4D82-B5EE-D72F01A65AE5}.Debug|x64.Build.0 = Debug|x64
		{D975429A-BFB3-4D82-B5EE-D72F01A65AE5}.Debug|x86.ActiveCfg = Debug|Win32
		{D975429A-BFB3-4D82-B5EE-D72F01A65AE5}.Debug|x86.Build.0 = Debug|Win32
		{D975429A-BFB3-4D82-B5EE-D72F01A65AE5}.Release|x64.ActiveCfg = Release|x64
		{D975429A-BFB3-4D82-B5EE-D72F01A65AE5}.Release|x64.Build.0 = Release|x64
		{D975429A-BFB3-4D82-B5EE-D72F01A65AE5}.Release|x86.ActiveCfg = Release|Win32
		{D975429A-BFB3-4D82-B5EE-D72F01A65AE5}.Release|x86.Build.0 = Release|Win32
		{D4F509E2-1B40-46BA-868D-D91AF011E1DB}.Debug|x64.ActiveCfg = Debug|x64
		{D4F509E2-1B40-46BA-868D-D91AF011E1DB}.Debug|x64.Build.0 = Debug|x64
		{D4F509E2-1B40-46BA-868D-D91AF011E1DB}.Debug|x86.ActiveCfg = Debug|Win32
		{D4F509E2-1B40-46BA-868D-D91AF011E1DB}.Debug|x86.Build.0 = Debug|Win32
		{D4F509E2-1B40-46BA-868D-D91AF011E1DB}.Release|x64.ActiveCfg = Release|x64
		{D4F509E2-1B40-46BA-868D-D91AF011E1DB}.Release|x64.Build.0 = Release|x64
		{D4F509E2-1B40-46BA-868D-D91AF011E1DB}.Release|x86.ActiveCfg = Release|Win32
		{D4F509E2-1B40-46BA-868D-D91AF011E1DB}.Release|x86.Build.0 = Release|Win32
		{8185BA35-29A9-42B5-A615-98F00B028D31}.Debug|x64.ActiveCfg = Debug|x64
		{8185BA35-29A9-42B5-A615-98F00B028D31}.Debug|x64.Build.0 = Debug|x64
		{8185BA35-29A9-42B5-A615-98F00B028D31}.Debug|x86.ActiveCfg = Debug|Win32
		{8185BA35-29A9-42B5-A615-98F00B028D31}.Debug|x86.Build.0 = Debug|Win32
		{8185BA35-29A9-42B5-A615-98F00B028D31}.Release|x64.ActiveCfg = Release|x64
		{8185BA35-29A9-42B5-A615-98F00B028D31}.Release|x64.Build.0 = Release|x64
		{8185BA35-29A9-42B5-A615-98F00B028D31}.Release|x86.ActiveCfg = Release|Win32
		{8185BA35-29A9-42B5-A615-98F00B028D31}.Release|x86.Build.0 = Release|Win32
		{CDC264F2-C7A9-4EF8-A83F-962B7BD2CE51}.Debug|x64.ActiveCfg = Debug|x64
		{CDC264F2-C7A9-4EF8-A83F-962B7BD2CE51}.Debug|x64.Build.0 = Debug|x64
		{CDC264F2-C7A9-4EF8-A83F-962B7BD2CE51}.Debug|x86.ActiveCfg = Debug|Win32
		{CDC264F2-C7A9-4EF8-A83F-962B7BD2CE51}.Debug|x86.Build.0 = Debug|Win32
		{CDC264F2-C7A9-4EF8-A83F-962B7BD2CE51}.Release|x64.ActiveCfg = Release|x64
		{CDC264F2-C7A9-4EF8-A83F-962B7BD2CE51}.Release|x64.Build.0 = Release|x64
		{CDC264F2-C7A9-4EF8-A83F-962B7BD2CE51}.Release|x86.ActiveCfg = Release|Win32
		{CDC264F2-C7A9-4EF8-A83F-962B7BD2CE51}.Release|x86.Build.0 = Release|Win32
	EndGlobalSection
	GlobalSection(SolutionProperties) = preSolution
		HideSolutionNode = FALSE
	EndGlobalSection
	GlobalSection(ExtensibilityGlobals) = postSolution
		SolutionGuid = {E8F047C2-96B5-4D84-9C77-B70E79221FF8}
	EndGlobalSection
EndGlobal
